
Microsoft Visual Studio Solution File, Format Version 12.00
# Visual Studio Version 17
VisualStudioVersion = 17.1.32407.343
MinimumVisualStudioVersion = 10.0.40219.1
Project("{FAE04EC0-301F-11D3-BF4B-00C04F79EFBC}") = "DayEight", "DayEight\DayEight.csproj", "{1525D4F2-AC46-4891-8D19-2E047D428427}"
EndProject
Project("{FAE04EC0-301F-11D3-BF4B-00C04F79EFBC}") = "ShapeArea", "ShapeArea\ShapeArea.csproj", "{91CF7591-B632-4CA3-BD22-E5C85F44D034}"
EndProject
Project("{FAE04EC0-301F-11D3-BF4B-00C04F79EFBC}") = "TupleExample", "TupleExample\TupleExample.csproj", "{B4356693-F68C-4215-A243-93390C8E6855}"
EndProject
Project("{FAE04EC0-301F-11D3-BF4B-00C04F79EFBC}") = "OutParameter", "OutParameter\OutParameter.csproj", "{AF187ED3-8243-49E0-AEBD-65A0B4DBB446}"
EndProject
Global
	GlobalSection(SolutionConfigurationPlatforms) = preSolution
		Debug|Any CPU = Debug|Any CPU
		Release|Any CPU = Release|Any CPU
	EndGlobalSection
	GlobalSection(ProjectConfigurationPlatforms) = postSolution
		{1525D4F2-AC46-4891-8D19-2E047D428427}.Debug|Any CPU.ActiveCfg = Debug|Any CPU
		{1525D4F2-AC46-4891-8D19-2E047D428427}.Debug|Any CPU.Build.0 = Debug|Any CPU
		{1525D4F2-AC46-4891-8D19-2E047D428427}.Release|Any CPU.ActiveCfg = Release|Any CPU
		{1525D4F2-AC46-4891-8D19-2E047D428427}.Release|Any CPU.Build.0 = Release|Any CPU
		{91CF7591-B632-4CA3-BD22-E5C85F44D034}.Debug|Any CPU.ActiveCfg = Debug|Any CPU
		{91CF7591-B632-4CA3-BD22-E5C85F44D034}.Debug|Any CPU.Build.0 = Debug|Any CPU
		{91CF7591-B632-4CA3-BD22-E5C85F44D034}.Release|Any CPU.ActiveCfg = Release|Any CPU
		{91CF7591-B632-4CA3-BD22-E5C85F44D034}.Release|Any CPU.Build.0 = Release|Any CPU
		{B4356693-F68C-4215-A243-93390C8E6855}.Debug|Any CPU.ActiveCfg = Debug|Any CPU
		{B4356693-F68C-4215-A243-93390C8E6855}.Debug|Any CPU.Build.0 = Debug|Any CPU
		{B4356693-F68C-4215-A243-93390C8E6855}.Release|Any CPU.ActiveCfg = Release|Any CPU
		{B4356693-F68C-4215-A243-93390C8E6855}.Release|Any CPU.Build.0 = Release|Any CPU
		{AF187ED3-8243-49E0-AEBD-65A0B4DBB446}.Debug|Any CPU.ActiveCfg = Debug|Any CPU
		{AF187ED3-8243-49E0-AEBD-65A0B4DBB446}.Debug|Any CPU.Build.0 = Debug|Any CPU
		{AF187ED3-8243-49E0-AEBD-65A0B4DBB446}.Release|Any CPU.ActiveCfg = Release|Any CPU
		{AF187ED3-8243-49E0-AEBD-65A0B4DBB446}.Release|Any CPU.Build.0 = Release|Any CPU
	EndGlobalSection
	GlobalSection(SolutionProperties) = preSolution
		HideSolutionNode = FALSE
	EndGlobalSection
	GlobalSection(ExtensibilityGlobals) = postSolution
		SolutionGuid = {975F098B-1734-4998-B21C-7A91C179B414}
	EndGlobalSection
EndGlobal
