
Microsoft Visual Studio Solution File, Format Version 12.00
# Visual Studio Version 17
VisualStudioVersion = 17.1.32407.343
MinimumVisualStudioVersion = 10.0.40219.1
Project("{FAE04EC0-301F-11D3-BF4B-00C04F79EFBC}") = "DayEleven", "DayEleven\DayEleven.csproj", "{0991467E-E15C-44DF-B856-C9654CB08183}"
EndProject
Project("{FAE04EC0-301F-11D3-BF4B-00C04F79EFBC}") = "ADONet", "ADONet\ADONet.csproj", "{1D899A19-67FD-41D4-B2BD-51C5AACA8E48}"
EndProject
Global
	GlobalSection(SolutionConfigurationPlatforms) = preSolution
		Debug|Any CPU = Debug|Any CPU
		Release|Any CPU = Release|Any CPU
	EndGlobalSection
	GlobalSection(ProjectConfigurationPlatforms) = postSolution
		{0991467E-E15C-44DF-B856-C9654CB08183}.Debug|Any CPU.ActiveCfg = Debug|Any CPU
		{0991467E-E15C-44DF-B856-C9654CB08183}.Debug|Any CPU.Build.0 = Debug|Any CPU
		{0991467E-E15C-44DF-B856-C9654CB08183}.Release|Any CPU.ActiveCfg = Release|Any CPU
		{0991467E-E15C-44DF-B856-C9654CB08183}.Release|Any CPU.Build.0 = Release|Any CPU
		{1D899A19-67FD-41D4-B2BD-51C5AACA8E48}.Debug|Any CPU.ActiveCfg = Debug|Any CPU
		{1D899A19-67FD-41D4-B2BD-51C5AACA8E48}.Debug|Any CPU.Build.0 = Debug|Any CPU
		{1D899A19-67FD-41D4-B2BD-51C5AACA8E48}.Release|Any CPU.ActiveCfg = Release|Any CPU
		{1D899A19-67FD-41D4-B2BD-51C5AACA8E48}.Release|Any CPU.Build.0 = Release|Any CPU
	EndGlobalSection
	GlobalSection(SolutionProperties) = preSolution
		HideSolutionNode = FALSE
	EndGlobalSection
	GlobalSection(ExtensibilityGlobals) = postSolution
		SolutionGuid = {D959DD87-3DC2-4B59-9775-A7962FF0CDE6}
	EndGlobalSection
EndGlobal
