
Microsoft Visual Studio Solution File, Format Version 12.00
# Visual Studio Version 17
VisualStudioVersion = 17.1.32407.343
MinimumVisualStudioVersion = 10.0.40219.1
Project("{9A19103F-16F7-4668-BE54-9A1E7A4F7556}") = "DayNine", "DayNine\DayNine.csproj", "{CE163E1A-160B-4106-84A4-F437FC38EF55}"
EndProject
Project("{FAE04EC0-301F-11D3-BF4B-00C04F79EFBC}") = "InterfaceAndAbstractClass", "InterfaceAndAbstractClass\InterfaceAndAbstractClass.csproj", "{15A7D3C9-C7DD-4066-95C9-CC50BACD8BA2}"
EndProject
Project("{FAE04EC0-301F-11D3-BF4B-00C04F79EFBC}") = "FileOperation", "FileOperation\FileOperation.csproj", "{6E1E40F2-16CC-4038-8CD5-2BCC7858C24D}"
EndProject
Global
	GlobalSection(SolutionConfigurationPlatforms) = preSolution
		Debug|Any CPU = Debug|Any CPU
		Release|Any CPU = Release|Any CPU
	EndGlobalSection
	GlobalSection(ProjectConfigurationPlatforms) = postSolution
		{CE163E1A-160B-4106-84A4-F437FC38EF55}.Debug|Any CPU.ActiveCfg = Debug|Any CPU
		{CE163E1A-160B-4106-84A4-F437FC38EF55}.Debug|Any CPU.Build.0 = Debug|Any CPU
		{CE163E1A-160B-4106-84A4-F437FC38EF55}.Release|Any CPU.ActiveCfg = Release|Any CPU
		{CE163E1A-160B-4106-84A4-F437FC38EF55}.Release|Any CPU.Build.0 = Release|Any CPU
		{15A7D3C9-C7DD-4066-95C9-CC50BACD8BA2}.Debug|Any CPU.ActiveCfg = Debug|Any CPU
		{15A7D3C9-C7DD-4066-95C9-CC50BACD8BA2}.Debug|Any CPU.Build.0 = Debug|Any CPU
		{15A7D3C9-C7DD-4066-95C9-CC50BACD8BA2}.Release|Any CPU.ActiveCfg = Release|Any CPU
		{15A7D3C9-C7DD-4066-95C9-CC50BACD8BA2}.Release|Any CPU.Build.0 = Release|Any CPU
		{6E1E40F2-16CC-4038-8CD5-2BCC7858C24D}.Debug|Any CPU.ActiveCfg = Debug|Any CPU
		{6E1E40F2-16CC-4038-8CD5-2BCC7858C24D}.Debug|Any CPU.Build.0 = Debug|Any CPU
		{6E1E40F2-16CC-4038-8CD5-2BCC7858C24D}.Release|Any CPU.ActiveCfg = Release|Any CPU
		{6E1E40F2-16CC-4038-8CD5-2BCC7858C24D}.Release|Any CPU.Build.0 = Release|Any CPU
	EndGlobalSection
	GlobalSection(SolutionProperties) = preSolution
		HideSolutionNode = FALSE
	EndGlobalSection
	GlobalSection(ExtensibilityGlobals) = postSolution
		SolutionGuid = {89BBBB08-575C-4BC2-8D32-07EED3F9888D}
	EndGlobalSection
EndGlobal
