
Microsoft Visual Studio Solution File, Format Version 12.00
# Visual Studio Version 17
VisualStudioVersion = 17.1.32407.343
MinimumVisualStudioVersion = 10.0.40219.1
Project("{FAE04EC0-301F-11D3-BF4B-00C04F79EFBC}") = "DayThirteen", "DayThirteen\DayThirteen.csproj", "{EF7E4F39-F91E-4BEF-8BB5-3C7990EE3B82}"
EndProject
Project("{FAE04EC0-301F-11D3-BF4B-00C04F79EFBC}") = "EntityFramework", "EntityFramework\EntityFramework.csproj", "{AAB594D1-0ABE-4BDF-A380-40ECB7D39FF0}"
EndProject
Global
	GlobalSection(SolutionConfigurationPlatforms) = preSolution
		Debug|Any CPU = Debug|Any CPU
		Release|Any CPU = Release|Any CPU
	EndGlobalSection
	GlobalSection(ProjectConfigurationPlatforms) = postSolution
		{EF7E4F39-F91E-4BEF-8BB5-3C7990EE3B82}.Debug|Any CPU.ActiveCfg = Debug|Any CPU
		{EF7E4F39-F91E-4BEF-8BB5-3C7990EE3B82}.Debug|Any CPU.Build.0 = Debug|Any CPU
		{EF7E4F39-F91E-4BEF-8BB5-3C7990EE3B82}.Release|Any CPU.ActiveCfg = Release|Any CPU
		{EF7E4F39-F91E-4BEF-8BB5-3C7990EE3B82}.Release|Any CPU.Build.0 = Release|Any CPU
		{AAB594D1-0ABE-4BDF-A380-40ECB7D39FF0}.Debug|Any CPU.ActiveCfg = Debug|Any CPU
		{AAB594D1-0ABE-4BDF-A380-40ECB7D39FF0}.Debug|Any CPU.Build.0 = Debug|Any CPU
		{AAB594D1-0ABE-4BDF-A380-40ECB7D39FF0}.Release|Any CPU.ActiveCfg = Release|Any CPU
		{AAB594D1-0ABE-4BDF-A380-40ECB7D39FF0}.Release|Any CPU.Build.0 = Release|Any CPU
	EndGlobalSection
	GlobalSection(SolutionProperties) = preSolution
		HideSolutionNode = FALSE
	EndGlobalSection
	GlobalSection(ExtensibilityGlobals) = postSolution
		SolutionGuid = {71E1D939-77E8-4FEC-9724-3A071D5FCC55}
	EndGlobalSection
EndGlobal
