
Microsoft Visual Studio Solution File, Format Version 12.00
# Visual Studio Version 17
VisualStudioVersion = 17.1.32407.343
MinimumVisualStudioVersion = 10.0.40219.1
Project("{FAE04EC0-301F-11D3-BF4B-00C04F79EFBC}") = "DayTwelve", "DayTwelve\DayTwelve.csproj", "{F32F5589-BE07-4884-BA01-F029B640EA61}"
EndProject
Project("{FAE04EC0-301F-11D3-BF4B-00C04F79EFBC}") = "ADONetPractice", "ADONetPractice\ADONetPractice.csproj", "{52401A5C-127A-4F6A-8162-03336027F15D}"
EndProject
Global
	GlobalSection(SolutionConfigurationPlatforms) = preSolution
		Debug|Any CPU = Debug|Any CPU
		Release|Any CPU = Release|Any CPU
	EndGlobalSection
	GlobalSection(ProjectConfigurationPlatforms) = postSolution
		{F32F5589-BE07-4884-BA01-F029B640EA61}.Debug|Any CPU.ActiveCfg = Debug|Any CPU
		{F32F5589-BE07-4884-BA01-F029B640EA61}.Debug|Any CPU.Build.0 = Debug|Any CPU
		{F32F5589-BE07-4884-BA01-F029B640EA61}.Release|Any CPU.ActiveCfg = Release|Any CPU
		{F32F5589-BE07-4884-BA01-F029B640EA61}.Release|Any CPU.Build.0 = Release|Any CPU
		{52401A5C-127A-4F6A-8162-03336027F15D}.Debug|Any CPU.ActiveCfg = Debug|Any CPU
		{52401A5C-127A-4F6A-8162-03336027F15D}.Debug|Any CPU.Build.0 = Debug|Any CPU
		{52401A5C-127A-4F6A-8162-03336027F15D}.Release|Any CPU.ActiveCfg = Release|Any CPU
		{52401A5C-127A-4F6A-8162-03336027F15D}.Release|Any CPU.Build.0 = Release|Any CPU
	EndGlobalSection
	GlobalSection(SolutionProperties) = preSolution
		HideSolutionNode = FALSE
	EndGlobalSection
	GlobalSection(ExtensibilityGlobals) = postSolution
		SolutionGuid = {F77F46FF-0177-4581-B279-43C9346FF9DD}
	EndGlobalSection
EndGlobal
