
Microsoft Visual Studio Solution File, Format Version 12.00
# Visual Studio Version 17
VisualStudioVersion = 17.0.31912.275
MinimumVisualStudioVersion = 10.0.40219.1
Project("{FAE04EC0-301F-11D3-BF4B-00C04F79EFBC}") = "App-001-GettigStarted", "App-001-GettigStarted\App-001-GettigStarted.csproj", "{7F65290B-ECD3-40AF-AE67-2DBB3864031F}"
EndProject
Project("{FAE04EC0-301F-11D3-BF4B-00C04F79EFBC}") = "App-002-DataTypes", "App-002-DataTypes\App-002-DataTypes.csproj", "{A1F5B04C-4F41-415F-8094-C5C50C6F4FD4}"
EndProject
Global
	GlobalSection(SolutionConfigurationPlatforms) = preSolution
		Debug|Any CPU = Debug|Any CPU
		Release|Any CPU = Release|Any CPU
	EndGlobalSection
	GlobalSection(ProjectConfigurationPlatforms) = postSolution
		{7F65290B-ECD3-40AF-AE67-2DBB3864031F}.Debug|Any CPU.ActiveCfg = Debug|Any CPU
		{7F65290B-ECD3-40AF-AE67-2DBB3864031F}.Debug|Any CPU.Build.0 = Debug|Any CPU
		{7F65290B-ECD3-40AF-AE67-2DBB3864031F}.Release|Any CPU.ActiveCfg = Release|Any CPU
		{7F65290B-ECD3-40AF-AE67-2DBB3864031F}.Release|Any CPU.Build.0 = Release|Any CPU
		{A1F5B04C-4F41-415F-8094-C5C50C6F4FD4}.Debug|Any CPU.ActiveCfg = Debug|Any CPU
		{A1F5B04C-4F41-415F-8094-C5C50C6F4FD4}.Debug|Any CPU.Build.0 = Debug|Any CPU
		{A1F5B04C-4F41-415F-8094-C5C50C6F4FD4}.Release|Any CPU.ActiveCfg = Release|Any CPU
		{A1F5B04C-4F41-415F-8094-C5C50C6F4FD4}.Release|Any CPU.Build.0 = Release|Any CPU
	EndGlobalSection
	GlobalSection(SolutionProperties) = preSolution
		HideSolutionNode = FALSE
	EndGlobalSection
	GlobalSection(ExtensibilityGlobals) = postSolution
		SolutionGuid = {55C946D7-DDEB-4AD2-BFC8-BF430195E8DA}
	EndGlobalSection
EndGlobal
